
Microsoft Visual Studio Solution File, Format Version 12.00
# Visual Studio 15
VisualStudioVersion = 15.0.27703.2042
MinimumVisualStudioVersion = 10.0.40219.1
Project("{FAE04EC0-301F-11D3-BF4B-00C04F79EFBC}") = "graphics class", "graphics class\graphics class.csproj", "{9A757E0D-343F-4226-AAB9-5D81DC286C42}"
EndProject
Global
	GlobalSection(SolutionConfigurationPlatforms) = preSolution
		Debug|Any CPU = Debug|Any CPU
		Release|Any CPU = Release|Any CPU
	EndGlobalSection
	GlobalSection(ProjectConfigurationPlatforms) = postSolution
		{9A757E0D-343F-4226-AAB9-5D81DC286C42}.Debug|Any CPU.ActiveCfg = Debug|Any CPU
		{9A757E0D-343F-4226-AAB9-5D81DC286C42}.Debug|Any CPU.Build.0 = Debug|Any CPU
		{9A757E0D-343F-4226-AAB9-5D81DC286C42}.Release|Any CPU.ActiveCfg = Release|Any CPU
		{9A757E0D-343F-4226-AAB9-5D81DC286C42}.Release|Any CPU.Build.0 = Release|Any CPU
	EndGlobalSection
	GlobalSection(SolutionProperties) = preSolution
		HideSolutionNode = FALSE
	EndGlobalSection
	GlobalSection(ExtensibilityGlobals) = postSolution
		SolutionGuid = {E3AF494D-80BC-428A-8539-B10EC186C369}
	EndGlobalSection
EndGlobal
