
Microsoft Visual Studio Solution File, Format Version 12.00
# Visual Studio 15
VisualStudioVersion = 15.0.27130.2026
MinimumVisualStudioVersion = 10.0.40219.1
Project("{FAE04EC0-301F-11D3-BF4B-00C04F79EFBC}") = "Pacman-SenLI", "Pacman-SenLI\Pacman-SenLI.csproj", "{5A4588DB-38DD-4610-B2D2-DD13B1572AC1}"
EndProject
Global
	GlobalSection(SolutionConfigurationPlatforms) = preSolution
		Debug|Any CPU = Debug|Any CPU
		Release|Any CPU = Release|Any CPU
	EndGlobalSection
	GlobalSection(ProjectConfigurationPlatforms) = postSolution
		{5A4588DB-38DD-4610-B2D2-DD13B1572AC1}.Debug|Any CPU.ActiveCfg = Debug|Any CPU
		{5A4588DB-38DD-4610-B2D2-DD13B1572AC1}.Debug|Any CPU.Build.0 = Debug|Any CPU
		{5A4588DB-38DD-4610-B2D2-DD13B1572AC1}.Release|Any CPU.ActiveCfg = Release|Any CPU
		{5A4588DB-38DD-4610-B2D2-DD13B1572AC1}.Release|Any CPU.Build.0 = Release|Any CPU
	EndGlobalSection
	GlobalSection(SolutionProperties) = preSolution
		HideSolutionNode = FALSE
	EndGlobalSection
	GlobalSection(ExtensibilityGlobals) = postSolution
		SolutionGuid = {CEF420DE-E23A-45B5-AD9E-3509CB772502}
	EndGlobalSection
EndGlobal
