
Microsoft Visual Studio Solution File, Format Version 12.00
# Visual Studio 15
VisualStudioVersion = 15.0.27703.2042
MinimumVisualStudioVersion = 10.0.40219.1
Project("{FAE04EC0-301F-11D3-BF4B-00C04F79EFBC}") = "Horse", "Horse\Horse.csproj", "{67FF47A4-0414-4A71-A93A-9F93D9FFC4B6}"
EndProject
Global
	GlobalSection(SolutionConfigurationPlatforms) = preSolution
		Debug|Any CPU = Debug|Any CPU
		Release|Any CPU = Release|Any CPU
	EndGlobalSection
	GlobalSection(ProjectConfigurationPlatforms) = postSolution
		{67FF47A4-0414-4A71-A93A-9F93D9FFC4B6}.Debug|Any CPU.ActiveCfg = Debug|Any CPU
		{67FF47A4-0414-4A71-A93A-9F93D9FFC4B6}.Debug|Any CPU.Build.0 = Debug|Any CPU
		{67FF47A4-0414-4A71-A93A-9F93D9FFC4B6}.Release|Any CPU.ActiveCfg = Release|Any CPU
		{67FF47A4-0414-4A71-A93A-9F93D9FFC4B6}.Release|Any CPU.Build.0 = Release|Any CPU
	EndGlobalSection
	GlobalSection(SolutionProperties) = preSolution
		HideSolutionNode = FALSE
	EndGlobalSection
	GlobalSection(ExtensibilityGlobals) = postSolution
		SolutionGuid = {0672846D-C4F4-4517-865A-062CC4E1F157}
	EndGlobalSection
EndGlobal
