
Microsoft Visual Studio Solution File, Format Version 12.00
# Visual Studio 15
VisualStudioVersion = 15.0.27703.2042
MinimumVisualStudioVersion = 10.0.40219.1
Project("{FAE04EC0-301F-11D3-BF4B-00C04F79EFBC}") = "ALibraryOfBooks", "ALibraryOfBooks\ALibraryOfBooks.csproj", "{298E4926-2B4E-4684-A327-4F354C290586}"
EndProject
Global
	GlobalSection(SolutionConfigurationPlatforms) = preSolution
		Debug|Any CPU = Debug|Any CPU
		Release|Any CPU = Release|Any CPU
	EndGlobalSection
	GlobalSection(ProjectConfigurationPlatforms) = postSolution
		{298E4926-2B4E-4684-A327-4F354C290586}.Debug|Any CPU.ActiveCfg = Debug|Any CPU
		{298E4926-2B4E-4684-A327-4F354C290586}.Debug|Any CPU.Build.0 = Debug|Any CPU
		{298E4926-2B4E-4684-A327-4F354C290586}.Release|Any CPU.ActiveCfg = Release|Any CPU
		{298E4926-2B4E-4684-A327-4F354C290586}.Release|Any CPU.Build.0 = Release|Any CPU
	EndGlobalSection
	GlobalSection(SolutionProperties) = preSolution
		HideSolutionNode = FALSE
	EndGlobalSection
	GlobalSection(ExtensibilityGlobals) = postSolution
		SolutionGuid = {C69B26B0-5D5D-4550-8ADB-B426F9B289B7}
	EndGlobalSection
EndGlobal
